
Microsoft Visual Studio Solution File, Format Version 12.00
# Visual Studio Version 17
VisualStudioVersion = 17.8.34525.116
MinimumVisualStudioVersion = 10.0.40219.1
Project("{2150E333-8FDC-42A3-9474-1A3956D46DE8}") = "01 - Apresentacao", "01 - Apresentacao", "{299FC5DE-9A7D-498A-A53C-F98EECE1BBC6}"
EndProject
Project("{FAE04EC0-301F-11D3-BF4B-00C04F79EFBC}") = "UMFG.ProgramacaoIV.Apresentacao", "UMFG.ProgramacaoIV.Apresentacao\UMFG.ProgramacaoIV.Apresentacao.csproj", "{57F6840B-98DA-4D96-94DF-04A80731586F}"
EndProject
Global
	GlobalSection(SolutionConfigurationPlatforms) = preSolution
		Debug|Any CPU = Debug|Any CPU
		Release|Any CPU = Release|Any CPU
	EndGlobalSection
	GlobalSection(ProjectConfigurationPlatforms) = postSolution
		{57F6840B-98DA-4D96-94DF-04A80731586F}.Debug|Any CPU.ActiveCfg = Debug|Any CPU
		{57F6840B-98DA-4D96-94DF-04A80731586F}.Debug|Any CPU.Build.0 = Debug|Any CPU
		{57F6840B-98DA-4D96-94DF-04A80731586F}.Release|Any CPU.ActiveCfg = Release|Any CPU
		{57F6840B-98DA-4D96-94DF-04A80731586F}.Release|Any CPU.Build.0 = Release|Any CPU
	EndGlobalSection
	GlobalSection(SolutionProperties) = preSolution
		HideSolutionNode = FALSE
	EndGlobalSection
	GlobalSection(NestedProjects) = preSolution
		{57F6840B-98DA-4D96-94DF-04A80731586F} = {299FC5DE-9A7D-498A-A53C-F98EECE1BBC6}
	EndGlobalSection
	GlobalSection(ExtensibilityGlobals) = postSolution
		SolutionGuid = {D77D09DA-DE62-4C00-A44D-677181A41894}
	EndGlobalSection
EndGlobal
